
Microsoft Visual Studio Solution File, Format Version 12.00
# Visual Studio Version 17
VisualStudioVersion = 17.11.35327.3
MinimumVisualStudioVersion = 10.0.40219.1
Project("{FAE04EC0-301F-11D3-BF4B-00C04F79EFBC}") = "DB_UserControl", "DB_UserControl\DB_UserControl.csproj", "{5AA07E36-8008-4CCF-A0AF-AA061D51DA40}"
EndProject
Global
	GlobalSection(SolutionConfigurationPlatforms) = preSolution
		Debug|Any CPU = Debug|Any CPU
		Release|Any CPU = Release|Any CPU
	EndGlobalSection
	GlobalSection(ProjectConfigurationPlatforms) = postSolution
		{5AA07E36-8008-4CCF-A0AF-AA061D51DA40}.Debug|Any CPU.ActiveCfg = Debug|Any CPU
		{5AA07E36-8008-4CCF-A0AF-AA061D51DA40}.Debug|Any CPU.Build.0 = Debug|Any CPU
		{5AA07E36-8008-4CCF-A0AF-AA061D51DA40}.Release|Any CPU.ActiveCfg = Release|Any CPU
		{5AA07E36-8008-4CCF-A0AF-AA061D51DA40}.Release|Any CPU.Build.0 = Release|Any CPU
	EndGlobalSection
	GlobalSection(SolutionProperties) = preSolution
		HideSolutionNode = FALSE
	EndGlobalSection
	GlobalSection(ExtensibilityGlobals) = postSolution
		SolutionGuid = {DD5875AB-162E-4470-A272-7894DE38293E}
	EndGlobalSection
EndGlobal
